// !$*UTF8*$!
{
	archiveVersion = 1;
	classes = {
	};
	objectVersion = 46;
	objects = {

/* Begin PBXBuildFile section */
		A40BC27C1CBFCE8800F1CC87 /* TrainModel.swift in Sources */ = {isa = PBXBuildFile; fileRef = A40BC27B1CBFCE8800F1CC87 /* TrainModel.swift */; };
		A40BC27E1CBFF1BD00F1CC87 /* ShopModel.swift in Sources */ = {isa = PBXBuildFile; fileRef = A40BC27D1CBFF1BD00F1CC87 /* ShopModel.swift */; };
		A40BC2801CBFF1D800F1CC87 /* WeatherModel.swift in Sources */ = {isa = PBXBuildFile; fileRef = A40BC27F1CBFF1D800F1CC87 /* WeatherModel.swift */; };
		A40BC2861CC0D1A100F1CC87 /* DataController.swift in Sources */ = {isa = PBXBuildFile; fileRef = A40BC2851CC0D1A100F1CC87 /* DataController.swift */; };
		A40BC28B1CC0D4F500F1CC87 /* Station+CoreDataProperties.swift in Sources */ = {isa = PBXBuildFile; fileRef = A40BC2871CC0D4F500F1CC87 /* Station+CoreDataProperties.swift */; };
		A40BC28C1CC0D4F500F1CC87 /* Station.swift in Sources */ = {isa = PBXBuildFile; fileRef = A40BC2881CC0D4F500F1CC87 /* Station.swift */; };
		A40BC28D1CC0D4F500F1CC87 /* TrainList+CoreDataProperties.swift in Sources */ = {isa = PBXBuildFile; fileRef = A40BC2891CC0D4F500F1CC87 /* TrainList+CoreDataProperties.swift */; };
		A40BC28E1CC0D4F500F1CC87 /* TrainList.swift in Sources */ = {isa = PBXBuildFile; fileRef = A40BC28A1CC0D4F500F1CC87 /* TrainList.swift */; };
		A40BC2901CC122AC00F1CC87 /* CoreDataError.swift in Sources */ = {isa = PBXBuildFile; fileRef = A40BC28F1CC122AC00F1CC87 /* CoreDataError.swift */; };
		A40BC2931CC129D000F1CC87 /* StopStation.swift in Sources */ = {isa = PBXBuildFile; fileRef = A40BC2921CC129D000F1CC87 /* StopStation.swift */; };
		A40BC2951CC13EB600F1CC87 /* GetDataError.swift in Sources */ = {isa = PBXBuildFile; fileRef = A40BC2941CC13EB600F1CC87 /* GetDataError.swift */; };
		A42B72F61CBA9C0500AE8D40 /* TrainListTableViewController.swift in Sources */ = {isa = PBXBuildFile; fileRef = A42B72F51CBA9C0500AE8D40 /* TrainListTableViewController.swift */; };
		A42B72FB1CBAA1C500AE8D40 /* TrainHelper-Bridging-Header.h in Sources */ = {isa = PBXBuildFile; fileRef = A42B72FA1CBAA1C500AE8D40 /* TrainHelper-Bridging-Header.h */; };
		A4780E7A1CBA940B00EF9609 /* AppDelegate.swift in Sources */ = {isa = PBXBuildFile; fileRef = A4780E791CBA940B00EF9609 /* AppDelegate.swift */; };
		A4780E7C1CBA940B00EF9609 /* MapViewController.swift in Sources */ = {isa = PBXBuildFile; fileRef = A4780E7B1CBA940B00EF9609 /* MapViewController.swift */; };
		A4780E7F1CBA940B00EF9609 /* Main.storyboard in Resources */ = {isa = PBXBuildFile; fileRef = A4780E7D1CBA940B00EF9609 /* Main.storyboard */; };
		A4780E821CBA940B00EF9609 /* TrainHelper.xcdatamodeld in Sources */ = {isa = PBXBuildFile; fileRef = A4780E801CBA940B00EF9609 /* TrainHelper.xcdatamodeld */; };
		A4780E841CBA940B00EF9609 /* Assets.xcassets in Resources */ = {isa = PBXBuildFile; fileRef = A4780E831CBA940B00EF9609 /* Assets.xcassets */; };
		A4780E871CBA940B00EF9609 /* LaunchScreen.storyboard in Resources */ = {isa = PBXBuildFile; fileRef = A4780E851CBA940B00EF9609 /* LaunchScreen.storyboard */; };
		A4780E921CBA940B00EF9609 /* TrainHelperTests.swift in Sources */ = {isa = PBXBuildFile; fileRef = A4780E911CBA940B00EF9609 /* TrainHelperTests.swift */; };
		A4780E9D1CBA940B00EF9609 /* TrainHelperUITests.swift in Sources */ = {isa = PBXBuildFile; fileRef = A4780E9C1CBA940B00EF9609 /* TrainHelperUITests.swift */; };
		A4A4C5B91CC25CCC0079FBB3 /* BubbleView.swift in Sources */ = {isa = PBXBuildFile; fileRef = A4A4C5B81CC25CCC0079FBB3 /* BubbleView.swift */; };
		A4A4C5BB1CC26AAB0079FBB3 /* WeatherBean.swift in Sources */ = {isa = PBXBuildFile; fileRef = A4A4C5BA1CC26AAB0079FBB3 /* WeatherBean.swift */; };
		A4A4C5BE1CC276960079FBB3 /* City+CoreDataProperties.swift in Sources */ = {isa = PBXBuildFile; fileRef = A4A4C5BC1CC276960079FBB3 /* City+CoreDataProperties.swift */; };
		A4A4C5BF1CC276960079FBB3 /* City.swift in Sources */ = {isa = PBXBuildFile; fileRef = A4A4C5BD1CC276960079FBB3 /* City.swift */; };
		A4A62B371CBE6521003C3A6F /* StationWeatherInfoTableViewController.swift in Sources */ = {isa = PBXBuildFile; fileRef = A4A62B361CBE6521003C3A6F /* StationWeatherInfoTableViewController.swift */; };
		A4A62B391CBE655B003C3A6F /* ShopInfoTableViewController.swift in Sources */ = {isa = PBXBuildFile; fileRef = A4A62B381CBE655B003C3A6F /* ShopInfoTableViewController.swift */; };
		A4A62B3B1CBE690F003C3A6F /* TrainTimeTableViewController.swift in Sources */ = {isa = PBXBuildFile; fileRef = A4A62B3A1CBE690F003C3A6F /* TrainTimeTableViewController.swift */; };
		CA0A56A97F4A105E536ACC13 /* Pods_TrainHelperTests.framework in Frameworks */ = {isa = PBXBuildFile; fileRef = A99A55E298CBF02A854664D6 /* Pods_TrainHelperTests.framework */; };
		F076E5B34FD292946DFB10EC /* Pods_TrainHelperUITests.framework in Frameworks */ = {isa = PBXBuildFile; fileRef = 4474B2497BFA4D0A675FC356 /* Pods_TrainHelperUITests.framework */; };
		F6F64298896DFB934C020ADE /* Pods_TrainHelper.framework in Frameworks */ = {isa = PBXBuildFile; fileRef = F94E95EA0C22F9B64BE5C311 /* Pods_TrainHelper.framework */; };
/* End PBXBuildFile section */

/* Begin PBXContainerItemProxy section */
		A4780E8E1CBA940B00EF9609 /* PBXContainerItemProxy */ = {
			isa = PBXContainerItemProxy;
			containerPortal = A4780E6E1CBA940B00EF9609 /* Project object */;
			proxyType = 1;
			remoteGlobalIDString = A4780E751CBA940B00EF9609;
			remoteInfo = TrainHelper;
		};
		A4780E991CBA940B00EF9609 /* PBXContainerItemProxy */ = {
			isa = PBXContainerItemProxy;
			containerPortal = A4780E6E1CBA940B00EF9609 /* Project object */;
			proxyType = 1;
			remoteGlobalIDString = A4780E751CBA940B00EF9609;
			remoteInfo = TrainHelper;
		};
/* End PBXContainerItemProxy section */

/* Begin PBXFileReference section */
		081A703F33EE5D47EA11F21A /* Pods-TrainHelperUITests.release.xcconfig */ = {isa = PBXFileReference; includeInIndex = 1; lastKnownFileType = text.xcconfig; name = "Pods-TrainHelperUITests.release.xcconfig"; path = "Pods/Target Support Files/Pods-TrainHelperUITests/Pods-TrainHelperUITests.release.xcconfig"; sourceTree = "<group>"; };
		1558F3E83980B927E9EA1C7A /* Pods-TrainHelperTests.release.xcconfig */ = {isa = PBXFileReference; includeInIndex = 1; lastKnownFileType = text.xcconfig; name = "Pods-TrainHelperTests.release.xcconfig"; path = "Pods/Target Support Files/Pods-TrainHelperTests/Pods-TrainHelperTests.release.xcconfig"; sourceTree = "<group>"; };
		4474B2497BFA4D0A675FC356 /* Pods_TrainHelperUITests.framework */ = {isa = PBXFileReference; explicitFileType = wrapper.framework; includeInIndex = 0; path = Pods_TrainHelperUITests.framework; sourceTree = BUILT_PRODUCTS_DIR; };
		593E60BE376C1C1F093F06FF /* Pods-TrainHelper.debug.xcconfig */ = {isa = PBXFileReference; includeInIndex = 1; lastKnownFileType = text.xcconfig; name = "Pods-TrainHelper.debug.xcconfig"; path = "Pods/Target Support Files/Pods-TrainHelper/Pods-TrainHelper.debug.xcconfig"; sourceTree = "<group>"; };
		879CFAE238D97050BC6BEFFA /* Pods-TrainHelperTests.debug.xcconfig */ = {isa = PBXFileReference; includeInIndex = 1; lastKnownFileType = text.xcconfig; name = "Pods-TrainHelperTests.debug.xcconfig"; path = "Pods/Target Support Files/Pods-TrainHelperTests/Pods-TrainHelperTests.debug.xcconfig"; sourceTree = "<group>"; };
		9C4FFC4AF878C684A29909C2 /* Pods-TrainHelper.release.xcconfig */ = {isa = PBXFileReference; includeInIndex = 1; lastKnownFileType = text.xcconfig; name = "Pods-TrainHelper.release.xcconfig"; path = "Pods/Target Support Files/Pods-TrainHelper/Pods-TrainHelper.release.xcconfig"; sourceTree = "<group>"; };
		A40BC27B1CBFCE8800F1CC87 /* TrainModel.swift */ = {isa = PBXFileReference; fileEncoding = 4; lastKnownFileType = sourcecode.swift; path = TrainModel.swift; sourceTree = "<group>"; };
		A40BC27D1CBFF1BD00F1CC87 /* ShopModel.swift */ = {isa = PBXFileReference; fileEncoding = 4; lastKnownFileType = sourcecode.swift; path = ShopModel.swift; sourceTree = "<group>"; };
		A40BC27F1CBFF1D800F1CC87 /* WeatherModel.swift */ = {isa = PBXFileReference; fileEncoding = 4; lastKnownFileType = sourcecode.swift; path = WeatherModel.swift; sourceTree = "<group>"; };
		A40BC2851CC0D1A100F1CC87 /* DataController.swift */ = {isa = PBXFileReference; fileEncoding = 4; lastKnownFileType = sourcecode.swift; path = DataController.swift; sourceTree = "<group>"; };
		A40BC2871CC0D4F500F1CC87 /* Station+CoreDataProperties.swift */ = {isa = PBXFileReference; fileEncoding = 4; lastKnownFileType = sourcecode.swift; path = "Station+CoreDataProperties.swift"; sourceTree = "<group>"; };
		A40BC2881CC0D4F500F1CC87 /* Station.swift */ = {isa = PBXFileReference; fileEncoding = 4; lastKnownFileType = sourcecode.swift; path = Station.swift; sourceTree = "<group>"; };
		A40BC2891CC0D4F500F1CC87 /* TrainList+CoreDataProperties.swift */ = {isa = PBXFileReference; fileEncoding = 4; lastKnownFileType = sourcecode.swift; path = "TrainList+CoreDataProperties.swift"; sourceTree = "<group>"; };
		A40BC28A1CC0D4F500F1CC87 /* TrainList.swift */ = {isa = PBXFileReference; fileEncoding = 4; lastKnownFileType = sourcecode.swift; path = TrainList.swift; sourceTree = "<group>"; };
		A40BC28F1CC122AC00F1CC87 /* CoreDataError.swift */ = {isa = PBXFileReference; fileEncoding = 4; lastKnownFileType = sourcecode.swift; path = CoreDataError.swift; sourceTree = "<group>"; };
		A40BC2921CC129D000F1CC87 /* StopStation.swift */ = {isa = PBXFileReference; fileEncoding = 4; lastKnownFileType = sourcecode.swift; path = StopStation.swift; sourceTree = "<group>"; };
		A40BC2941CC13EB600F1CC87 /* GetDataError.swift */ = {isa = PBXFileReference; fileEncoding = 4; lastKnownFileType = sourcecode.swift; path = GetDataError.swift; sourceTree = "<group>"; };
		A42B72F51CBA9C0500AE8D40 /* TrainListTableViewController.swift */ = {isa = PBXFileReference; fileEncoding = 4; lastKnownFileType = sourcecode.swift; path = TrainListTableViewController.swift; sourceTree = "<group>"; };
		A42B72FA1CBAA1C500AE8D40 /* TrainHelper-Bridging-Header.h */ = {isa = PBXFileReference; fileEncoding = 4; lastKnownFileType = sourcecode.c.h; path = "TrainHelper-Bridging-Header.h"; sourceTree = "<group>"; };
		A4780E761CBA940B00EF9609 /* TrainHelper.app */ = {isa = PBXFileReference; explicitFileType = wrapper.application; includeInIndex = 0; path = TrainHelper.app; sourceTree = BUILT_PRODUCTS_DIR; };
		A4780E791CBA940B00EF9609 /* AppDelegate.swift */ = {isa = PBXFileReference; lastKnownFileType = sourcecode.swift; path = AppDelegate.swift; sourceTree = "<group>"; };
		A4780E7B1CBA940B00EF9609 /* MapViewController.swift */ = {isa = PBXFileReference; lastKnownFileType = sourcecode.swift; path = MapViewController.swift; sourceTree = "<group>"; };
		A4780E7E1CBA940B00EF9609 /* Base */ = {isa = PBXFileReference; lastKnownFileType = file.storyboard; name = Base; path = Base.lproj/Main.storyboard; sourceTree = "<group>"; };
		A4780E811CBA940B00EF9609 /* TrainHelper.xcdatamodel */ = {isa = PBXFileReference; lastKnownFileType = wrapper.xcdatamodel; path = TrainHelper.xcdatamodel; sourceTree = "<group>"; };
		A4780E831CBA940B00EF9609 /* Assets.xcassets */ = {isa = PBXFileReference; lastKnownFileType = folder.assetcatalog; path = Assets.xcassets; sourceTree = "<group>"; };
		A4780E861CBA940B00EF9609 /* Base */ = {isa = PBXFileReference; lastKnownFileType = file.storyboard; name = Base; path = Base.lproj/LaunchScreen.storyboard; sourceTree = "<group>"; };
		A4780E881CBA940B00EF9609 /* Info.plist */ = {isa = PBXFileReference; lastKnownFileType = text.plist.xml; path = Info.plist; sourceTree = "<group>"; };
		A4780E8D1CBA940B00EF9609 /* TrainHelperTests.xctest */ = {isa = PBXFileReference; explicitFileType = wrapper.cfbundle; includeInIndex = 0; path = TrainHelperTests.xctest; sourceTree = BUILT_PRODUCTS_DIR; };
		A4780E911CBA940B00EF9609 /* TrainHelperTests.swift */ = {isa = PBXFileReference; lastKnownFileType = sourcecode.swift; path = TrainHelperTests.swift; sourceTree = "<group>"; };
		A4780E931CBA940B00EF9609 /* Info.plist */ = {isa = PBXFileReference; lastKnownFileType = text.plist.xml; path = Info.plist; sourceTree = "<group>"; };
		A4780E981CBA940B00EF9609 /* TrainHelperUITests.xctest */ = {isa = PBXFileReference; explicitFileType = wrapper.cfbundle; includeInIndex = 0; path = TrainHelperUITests.xctest; sourceTree = BUILT_PRODUCTS_DIR; };
		A4780E9C1CBA940B00EF9609 /* TrainHelperUITests.swift */ = {isa = PBXFileReference; lastKnownFileType = sourcecode.swift; path = TrainHelperUITests.swift; sourceTree = "<group>"; };
		A4780E9E1CBA940B00EF9609 /* Info.plist */ = {isa = PBXFileReference; lastKnownFileType = text.plist.xml; path = Info.plist; sourceTree = "<group>"; };
		A4A4C5B81CC25CCC0079FBB3 /* BubbleView.swift */ = {isa = PBXFileReference; fileEncoding = 4; lastKnownFileType = sourcecode.swift; path = BubbleView.swift; sourceTree = "<group>"; };
		A4A4C5BA1CC26AAB0079FBB3 /* WeatherBean.swift */ = {isa = PBXFileReference; fileEncoding = 4; lastKnownFileType = sourcecode.swift; path = WeatherBean.swift; sourceTree = "<group>"; };
		A4A4C5BC1CC276960079FBB3 /* City+CoreDataProperties.swift */ = {isa = PBXFileReference; fileEncoding = 4; lastKnownFileType = sourcecode.swift; path = "City+CoreDataProperties.swift"; sourceTree = "<group>"; };
		A4A4C5BD1CC276960079FBB3 /* City.swift */ = {isa = PBXFileReference; fileEncoding = 4; lastKnownFileType = sourcecode.swift; path = City.swift; sourceTree = "<group>"; };
		A4A62B361CBE6521003C3A6F /* StationWeatherInfoTableViewController.swift */ = {isa = PBXFileReference; fileEncoding = 4; lastKnownFileType = sourcecode.swift; path = StationWeatherInfoTableViewController.swift; sourceTree = "<group>"; };
		A4A62B381CBE655B003C3A6F /* ShopInfoTableViewController.swift */ = {isa = PBXFileReference; fileEncoding = 4; lastKnownFileType = sourcecode.swift; path = ShopInfoTableViewController.swift; sourceTree = "<group>"; };
		A4A62B3A1CBE690F003C3A6F /* TrainTimeTableViewController.swift */ = {isa = PBXFileReference; fileEncoding = 4; lastKnownFileType = sourcecode.swift; path = TrainTimeTableViewController.swift; sourceTree = "<group>"; };
		A921B0E60EDC48239757247D /* Pods-TrainHelperUITests.debug.xcconfig */ = {isa = PBXFileReference; includeInIndex = 1; lastKnownFileType = text.xcconfig; name = "Pods-TrainHelperUITests.debug.xcconfig"; path = "Pods/Target Support Files/Pods-TrainHelperUITests/Pods-TrainHelperUITests.debug.xcconfig"; sourceTree = "<group>"; };
		A99A55E298CBF02A854664D6 /* Pods_TrainHelperTests.framework */ = {isa = PBXFileReference; explicitFileType = wrapper.framework; includeInIndex = 0; path = Pods_TrainHelperTests.framework; sourceTree = BUILT_PRODUCTS_DIR; };
		F94E95EA0C22F9B64BE5C311 /* Pods_TrainHelper.framework */ = {isa = PBXFileReference; explicitFileType = wrapper.framework; includeInIndex = 0; path = Pods_TrainHelper.framework; sourceTree = BUILT_PRODUCTS_DIR; };
/* End PBXFileReference section */

/* Begin PBXFrameworksBuildPhase section */
		A4780E731CBA940B00EF9609 /* Frameworks */ = {
			isa = PBXFrameworksBuildPhase;
			buildActionMask = 2147483647;
			files = (
				F6F64298896DFB934C020ADE /* Pods_TrainHelper.framework in Frameworks */,
			);
			runOnlyForDeploymentPostprocessing = 0;
		};
		A4780E8A1CBA940B00EF9609 /* Frameworks */ = {
			isa = PBXFrameworksBuildPhase;
			buildActionMask = 2147483647;
			files = (
				CA0A56A97F4A105E536ACC13 /* Pods_TrainHelperTests.framework in Frameworks */,
			);
			runOnlyForDeploymentPostprocessing = 0;
		};
		A4780E951CBA940B00EF9609 /* Frameworks */ = {
			isa = PBXFrameworksBuildPhase;
			buildActionMask = 2147483647;
			files = (
				F076E5B34FD292946DFB10EC /* Pods_TrainHelperUITests.framework in Frameworks */,
			);
			runOnlyForDeploymentPostprocessing = 0;
		};
/* End PBXFrameworksBuildPhase section */

/* Begin PBXGroup section */
		3926C56BD07234241CADB92C /* Frameworks */ = {
			isa = PBXGroup;
			children = (
				F94E95EA0C22F9B64BE5C311 /* Pods_TrainHelper.framework */,
				A99A55E298CBF02A854664D6 /* Pods_TrainHelperTests.framework */,
				4474B2497BFA4D0A675FC356 /* Pods_TrainHelperUITests.framework */,
			);
			name = Frameworks;
			sourceTree = "<group>";
		};
		5890834CF2915F2E2DD3E903 /* Pods */ = {
			isa = PBXGroup;
			children = (
				593E60BE376C1C1F093F06FF /* Pods-TrainHelper.debug.xcconfig */,
				9C4FFC4AF878C684A29909C2 /* Pods-TrainHelper.release.xcconfig */,
				879CFAE238D97050BC6BEFFA /* Pods-TrainHelperTests.debug.xcconfig */,
				1558F3E83980B927E9EA1C7A /* Pods-TrainHelperTests.release.xcconfig */,
				A921B0E60EDC48239757247D /* Pods-TrainHelperUITests.debug.xcconfig */,
				081A703F33EE5D47EA11F21A /* Pods-TrainHelperUITests.release.xcconfig */,
			);
			name = Pods;
			sourceTree = "<group>";
		};
		A40BC2811CC0A94900F1CC87 /* Model */ = {
			isa = PBXGroup;
			children = (
				A40BC27F1CBFF1D800F1CC87 /* WeatherModel.swift */,
				A40BC27B1CBFCE8800F1CC87 /* TrainModel.swift */,
				A40BC27D1CBFF1BD00F1CC87 /* ShopModel.swift */,
				A40BC2851CC0D1A100F1CC87 /* DataController.swift */,
			);
			name = Model;
			sourceTree = "<group>";
		};
		A40BC2821CC0A95C00F1CC87 /* ViewController */ = {
			isa = PBXGroup;
			children = (
				A42B72F51CBA9C0500AE8D40 /* TrainListTableViewController.swift */,
				A4A62B3A1CBE690F003C3A6F /* TrainTimeTableViewController.swift */,
				A4780E7B1CBA940B00EF9609 /* MapViewController.swift */,
				A4A62B361CBE6521003C3A6F /* StationWeatherInfoTableViewController.swift */,
				A4A62B381CBE655B003C3A6F /* ShopInfoTableViewController.swift */,
				A4A4C5B81CC25CCC0079FBB3 /* BubbleView.swift */,
			);
			name = ViewController;
			sourceTree = "<group>";
		};
		A40BC2911CC1296900F1CC87 /* Bean */ = {
			isa = PBXGroup;
			children = (
				A40BC2871CC0D4F500F1CC87 /* Station+CoreDataProperties.swift */,
				A40BC2881CC0D4F500F1CC87 /* Station.swift */,
				A40BC2891CC0D4F500F1CC87 /* TrainList+CoreDataProperties.swift */,
				A40BC28A1CC0D4F500F1CC87 /* TrainList.swift */,
				A40BC28F1CC122AC00F1CC87 /* CoreDataError.swift */,
				A40BC2921CC129D000F1CC87 /* StopStation.swift */,
				A40BC2941CC13EB600F1CC87 /* GetDataError.swift */,
				A4A4C5BA1CC26AAB0079FBB3 /* WeatherBean.swift */,
				A4A4C5BC1CC276960079FBB3 /* City+CoreDataProperties.swift */,
				A4A4C5BD1CC276960079FBB3 /* City.swift */,
			);
			name = Bean;
			sourceTree = "<group>";
		};
		A4780E6D1CBA940B00EF9609 = {
			isa = PBXGroup;
			children = (
				A4780E781CBA940B00EF9609 /* TrainHelper */,
				A4780E901CBA940B00EF9609 /* TrainHelperTests */,
				A4780E9B1CBA940B00EF9609 /* TrainHelperUITests */,
				A4780E771CBA940B00EF9609 /* Products */,
				5890834CF2915F2E2DD3E903 /* Pods */,
				3926C56BD07234241CADB92C /* Frameworks */,
			);
			sourceTree = "<group>";
		};
		A4780E771CBA940B00EF9609 /* Products */ = {
			isa = PBXGroup;
			children = (
				A4780E761CBA940B00EF9609 /* TrainHelper.app */,
				A4780E8D1CBA940B00EF9609 /* TrainHelperTests.xctest */,
				A4780E981CBA940B00EF9609 /* TrainHelperUITests.xctest */,
			);
			name = Products;
			sourceTree = "<group>";
		};
		A4780E781CBA940B00EF9609 /* TrainHelper */ = {
			isa = PBXGroup;
			children = (
				A40BC2911CC1296900F1CC87 /* Bean */,
				A40BC2821CC0A95C00F1CC87 /* ViewController */,
				A40BC2811CC0A94900F1CC87 /* Model */,
				A4780E791CBA940B00EF9609 /* AppDelegate.swift */,
				A42B72FA1CBAA1C500AE8D40 /* TrainHelper-Bridging-Header.h */,
				A4780E7D1CBA940B00EF9609 /* Main.storyboard */,
				A4780E831CBA940B00EF9609 /* Assets.xcassets */,
				A4780E851CBA940B00EF9609 /* LaunchScreen.storyboard */,
				A4780E881CBA940B00EF9609 /* Info.plist */,
				A4780E801CBA940B00EF9609 /* TrainHelper.xcdatamodeld */,
			);
			path = TrainHelper;
			sourceTree = "<group>";
		};
		A4780E901CBA940B00EF9609 /* TrainHelperTests */ = {
			isa = PBXGroup;
			children = (
				A4780E911CBA940B00EF9609 /* TrainHelperTests.swift */,
				A4780E931CBA940B00EF9609 /* Info.plist */,
			);
			path = TrainHelperTests;
			sourceTree = "<group>";
		};
		A4780E9B1CBA940B00EF9609 /* TrainHelperUITests */ = {
			isa = PBXGroup;
			children = (
				A4780E9C1CBA940B00EF9609 /* TrainHelperUITests.swift */,
				A4780E9E1CBA940B00EF9609 /* Info.plist */,
			);
			path = TrainHelperUITests;
			sourceTree = "<group>";
		};
/* End PBXGroup section */

/* Begin PBXNativeTarget section */
		A4780E751CBA940B00EF9609 /* TrainHelper */ = {
			isa = PBXNativeTarget;
			buildConfigurationList = A4780EA11CBA940B00EF9609 /* Build configuration list for PBXNativeTarget "TrainHelper" */;
			buildPhases = (
				EBE54E4BD867B64B0D3ADDD1 /* Check Pods Manifest.lock */,
				A4780E721CBA940B00EF9609 /* Sources */,
				A4780E731CBA940B00EF9609 /* Frameworks */,
				A4780E741CBA940B00EF9609 /* Resources */,
				6BB74BEBD6A7FA36F4DD1F50 /* Embed Pods Frameworks */,
				D9B53605A2502CAFA681B590 /* Copy Pods Resources */,
			);
			buildRules = (
			);
			dependencies = (
			);
			name = TrainHelper;
			productName = TrainHelper;
			productReference = A4780E761CBA940B00EF9609 /* TrainHelper.app */;
			productType = "com.apple.product-type.application";
		};
		A4780E8C1CBA940B00EF9609 /* TrainHelperTests */ = {
			isa = PBXNativeTarget;
			buildConfigurationList = A4780EA41CBA940B00EF9609 /* Build configuration list for PBXNativeTarget "TrainHelperTests" */;
			buildPhases = (
				A858D951C4B1387BF8777F79 /* Check Pods Manifest.lock */,
				A4780E891CBA940B00EF9609 /* Sources */,
				A4780E8A1CBA940B00EF9609 /* Frameworks */,
				A4780E8B1CBA940B00EF9609 /* Resources */,
				44B7A6291BE3EA8281BD062C /* Embed Pods Frameworks */,
				C58BF70A6928A8FF90CC8129 /* Copy Pods Resources */,
			);
			buildRules = (
			);
			dependencies = (
				A4780E8F1CBA940B00EF9609 /* PBXTargetDependency */,
			);
			name = TrainHelperTests;
			productName = TrainHelperTests;
			productReference = A4780E8D1CBA940B00EF9609 /* TrainHelperTests.xctest */;
			productType = "com.apple.product-type.bundle.unit-test";
		};
		A4780E971CBA940B00EF9609 /* TrainHelperUITests */ = {
			isa = PBXNativeTarget;
			buildConfigurationList = A4780EA71CBA940B00EF9609 /* Build configuration list for PBXNativeTarget "TrainHelperUITests" */;
			buildPhases = (
				A179CD7D9C402F6F55C7E1E8 /* Check Pods Manifest.lock */,
				A4780E941CBA940B00EF9609 /* Sources */,
				A4780E951CBA940B00EF9609 /* Frameworks */,
				A4780E961CBA940B00EF9609 /* Resources */,
				8084BE6680EB6280C876E1FC /* Copy Pods Resources */,
			);
			buildRules = (
			);
			dependencies = (
				A4780E9A1CBA940B00EF9609 /* PBXTargetDependency */,
			);
			name = TrainHelperUITests;
			productName = TrainHelperUITests;
			productReference = A4780E981CBA940B00EF9609 /* TrainHelperUITests.xctest */;
			productType = "com.apple.product-type.bundle.ui-testing";
		};
/* End PBXNativeTarget section */

/* Begin PBXProject section */
		A4780E6E1CBA940B00EF9609 /* Project object */ = {
			isa = PBXProject;
			attributes = {
				LastSwiftUpdateCheck = 0720;
				LastUpgradeCheck = 0720;
				ORGANIZATIONNAME = huoteng;
				TargetAttributes = {
					A4780E751CBA940B00EF9609 = {
						CreatedOnToolsVersion = 7.2;
						DevelopmentTeam = XPXAPTEPJX;
					};
					A4780E8C1CBA940B00EF9609 = {
						CreatedOnToolsVersion = 7.2;
						DevelopmentTeam = XPXAPTEPJX;
						TestTargetID = A4780E751CBA940B00EF9609;
					};
					A4780E971CBA940B00EF9609 = {
						CreatedOnToolsVersion = 7.2;
						DevelopmentTeam = XPXAPTEPJX;
						TestTargetID = A4780E751CBA940B00EF9609;
					};
				};
			};
			buildConfigurationList = A4780E711CBA940B00EF9609 /* Build configuration list for PBXProject "TrainHelper" */;
			compatibilityVersion = "Xcode 3.2";
			developmentRegion = English;
			hasScannedForEncodings = 0;
			knownRegions = (
				en,
				Base,
			);
			mainGroup = A4780E6D1CBA940B00EF9609;
			productRefGroup = A4780E771CBA940B00EF9609 /* Products */;
			projectDirPath = "";
			projectRoot = "";
			targets = (
				A4780E751CBA940B00EF9609 /* TrainHelper */,
				A4780E8C1CBA940B00EF9609 /* TrainHelperTests */,
				A4780E971CBA940B00EF9609 /* TrainHelperUITests */,
			);
		};
/* End PBXProject section */

/* Begin PBXResourcesBuildPhase section */
		A4780E741CBA940B00EF9609 /* Resources */ = {
			isa = PBXResourcesBuildPhase;
			buildActionMask = 2147483647;
			files = (
				A4780E871CBA940B00EF9609 /* LaunchScreen.storyboard in Resources */,
				A4780E841CBA940B00EF9609 /* Assets.xcassets in Resources */,
				A4780E7F1CBA940B00EF9609 /* Main.storyboard in Resources */,
			);
			runOnlyForDeploymentPostprocessing = 0;
		};
		A4780E8B1CBA940B00EF9609 /* Resources */ = {
			isa = PBXResourcesBuildPhase;
			buildActionMask = 2147483647;
			files = (
			);
			runOnlyForDeploymentPostprocessing = 0;
		};
		A4780E961CBA940B00EF9609 /* Resources */ = {
			isa = PBXResourcesBuildPhase;
			buildActionMask = 2147483647;
			files = (
			);
			runOnlyForDeploymentPostprocessing = 0;
		};
/* End PBXResourcesBuildPhase section */

/* Begin PBXShellScriptBuildPhase section */
		44B7A6291BE3EA8281BD062C /* Embed Pods Frameworks */ = {
			isa = PBXShellScriptBuildPhase;
			buildActionMask = 2147483647;
			files = (
			);
			inputPaths = (
			);
			name = "Embed Pods Frameworks";
			outputPaths = (
			);
			runOnlyForDeploymentPostprocessing = 0;
			shellPath = /bin/sh;
			shellScript = "\"${SRCROOT}/Pods/Target Support Files/Pods-TrainHelperTests/Pods-TrainHelperTests-frameworks.sh\"\n";
			showEnvVarsInLog = 0;
		};
		6BB74BEBD6A7FA36F4DD1F50 /* Embed Pods Frameworks */ = {
			isa = PBXShellScriptBuildPhase;
			buildActionMask = 2147483647;
			files = (
			);
			inputPaths = (
			);
			name = "Embed Pods Frameworks";
			outputPaths = (
			);
			runOnlyForDeploymentPostprocessing = 0;
			shellPath = /bin/sh;
			shellScript = "\"${SRCROOT}/Pods/Target Support Files/Pods-TrainHelper/Pods-TrainHelper-frameworks.sh\"\n";
			showEnvVarsInLog = 0;
		};
		8084BE6680EB6280C876E1FC /* Copy Pods Resources */ = {
			isa = PBXShellScriptBuildPhase;
			buildActionMask = 2147483647;
			files = (
			);
			inputPaths = (
			);
			name = "Copy Pods Resources";
			outputPaths = (
			);
			runOnlyForDeploymentPostprocessing = 0;
			shellPath = /bin/sh;
			shellScript = "\"${SRCROOT}/Pods/Target Support Files/Pods-TrainHelperUITests/Pods-TrainHelperUITests-resources.sh\"\n";
			showEnvVarsInLog = 0;
		};
		A179CD7D9C402F6F55C7E1E8 /* Check Pods Manifest.lock */ = {
			isa = PBXShellScriptBuildPhase;
			buildActionMask = 2147483647;
			files = (
			);
			inputPaths = (
			);
			name = "Check Pods Manifest.lock";
			outputPaths = (
			);
			runOnlyForDeploymentPostprocessing = 0;
			shellPath = /bin/sh;
			shellScript = "diff \"${PODS_ROOT}/../Podfile.lock\" \"${PODS_ROOT}/Manifest.lock\" > /dev/null\nif [[ $? != 0 ]] ; then\n    cat << EOM\nerror: The sandbox is not in sync with the Podfile.lock. Run 'pod install' or update your CocoaPods installation.\nEOM\n    exit 1\nfi\n";
			showEnvVarsInLog = 0;
		};
		A858D951C4B1387BF8777F79 /* Check Pods Manifest.lock */ = {
			isa = PBXShellScriptBuildPhase;
			buildActionMask = 2147483647;
			files = (
			);
			inputPaths = (
			);
			name = "Check Pods Manifest.lock";
			outputPaths = (
			);
			runOnlyForDeploymentPostprocessing = 0;
			shellPath = /bin/sh;
			shellScript = "diff \"${PODS_ROOT}/../Podfile.lock\" \"${PODS_ROOT}/Manifest.lock\" > /dev/null\nif [[ $? != 0 ]] ; then\n    cat << EOM\nerror: The sandbox is not in sync with the Podfile.lock. Run 'pod install' or update your CocoaPods installation.\nEOM\n    exit 1\nfi\n";
			showEnvVarsInLog = 0;
		};
		C58BF70A6928A8FF90CC8129 /* Copy Pods Resources */ = {
			isa = PBXShellScriptBuildPhase;
			buildActionMask = 2147483647;
			files = (
			);
			inputPaths = (
			);
			name = "Copy Pods Resources";
			outputPaths = (
			);
			runOnlyForDeploymentPostprocessing = 0;
			shellPath = /bin/sh;
			shellScript = "\"${SRCROOT}/Pods/Target Support Files/Pods-TrainHelperTests/Pods-TrainHelperTests-resources.sh\"\n";
			showEnvVarsInLog = 0;
		};
		D9B53605A2502CAFA681B590 /* Copy Pods Resources */ = {
			isa = PBXShellScriptBuildPhase;
			buildActionMask = 2147483647;
			files = (
			);
			inputPaths = (
			);
			name = "Copy Pods Resources";
			outputPaths = (
			);
			runOnlyForDeploymentPostprocessing = 0;
			shellPath = /bin/sh;
			shellScript = "\"${SRCROOT}/Pods/Target Support Files/Pods-TrainHelper/Pods-TrainHelper-resources.sh\"\n";
			showEnvVarsInLog = 0;
		};
		EBE54E4BD867B64B0D3ADDD1 /* Check Pods Manifest.lock */ = {
			isa = PBXShellScriptBuildPhase;
			buildActionMask = 2147483647;
			files = (
			);
			inputPaths = (
			);
			name = "Check Pods Manifest.lock";
			outputPaths = (
			);
			runOnlyForDeploymentPostprocessing = 0;
			shellPath = /bin/sh;
			shellScript = "diff \"${PODS_ROOT}/../Podfile.lock\" \"${PODS_ROOT}/Manifest.lock\" > /dev/null\nif [[ $? != 0 ]] ; then\n    cat << EOM\nerror: The sandbox is not in sync with the Podfile.lock. Run 'pod install' or update your CocoaPods installation.\nEOM\n    exit 1\nfi\n";
			showEnvVarsInLog = 0;
		};
/* End PBXShellScriptBuildPhase section */

/* Begin PBXSourcesBuildPhase section */
		A4780E721CBA940B00EF9609 /* Sources */ = {
			isa = PBXSourcesBuildPhase;
			buildActionMask = 2147483647;
			files = (
				A4780E821CBA940B00EF9609 /* TrainHelper.xcdatamodeld in Sources */,
				A4A62B391CBE655B003C3A6F /* ShopInfoTableViewController.swift in Sources */,
				A4A62B371CBE6521003C3A6F /* StationWeatherInfoTableViewController.swift in Sources */,
				A40BC27E1CBFF1BD00F1CC87 /* ShopModel.swift in Sources */,
				A4A4C5BF1CC276960079FBB3 /* City.swift in Sources */,
				A40BC28E1CC0D4F500F1CC87 /* TrainList.swift in Sources */,
				A4780E7C1CBA940B00EF9609 /* MapViewController.swift in Sources */,
				A4A4C5BE1CC276960079FBB3 /* City+CoreDataProperties.swift in Sources */,
				A40BC2951CC13EB600F1CC87 /* GetDataError.swift in Sources */,
				A40BC2861CC0D1A100F1CC87 /* DataController.swift in Sources */,
				A40BC28C1CC0D4F500F1CC87 /* Station.swift in Sources */,
				A4A4C5BB1CC26AAB0079FBB3 /* WeatherBean.swift in Sources */,
				A42B72F61CBA9C0500AE8D40 /* TrainListTableViewController.swift in Sources */,
				A4A4C5B91CC25CCC0079FBB3 /* BubbleView.swift in Sources */,
				A4A62B3B1CBE690F003C3A6F /* TrainTimeTableViewController.swift in Sources */,
				A4780E7A1CBA940B00EF9609 /* AppDelegate.swift in Sources */,
				A42B72FB1CBAA1C500AE8D40 /* TrainHelper-Bridging-Header.h in Sources */,
				A40BC2901CC122AC00F1CC87 /* CoreDataError.swift in Sources */,
				A40BC28B1CC0D4F500F1CC87 /* Station+CoreDataProperties.swift in Sources */,
				A40BC2931CC129D000F1CC87 /* StopStation.swift in Sources */,
				A40BC27C1CBFCE8800F1CC87 /* TrainModel.swift in Sources */,
				A40BC28D1CC0D4F500F1CC87 /* TrainList+CoreDataProperties.swift in Sources */,
				A40BC2801CBFF1D800F1CC87 /* WeatherModel.swift in Sources */,
			);
			runOnlyForDeploymentPostprocessing = 0;
		};
		A4780E891CBA940B00EF9609 /* Sources */ = {
			isa = PBXSourcesBuildPhase;
			buildActionMask = 2147483647;
			files = (
				A4780E921CBA940B00EF9609 /* TrainHelperTests.swift in Sources */,
			);
			runOnlyForDeploymentPostprocessing = 0;
		};
		A4780E941CBA940B00EF9609 /* Sources */ = {
			isa = PBXSourcesBuildPhase;
			buildActionMask = 2147483647;
			files = (
				A4780E9D1CBA940B00EF9609 /* TrainHelperUITests.swift in Sources */,
			);
			runOnlyForDeploymentPostprocessing = 0;
		};
/* End PBXSourcesBuildPhase section */

/* Begin PBXTargetDependency section */
		A4780E8F1CBA940B00EF9609 /* PBXTargetDependency */ = {
			isa = PBXTargetDependency;
			target = A4780E751CBA940B00EF9609 /* TrainHelper */;
			targetProxy = A4780E8E1CBA940B00EF9609 /* PBXContainerItemProxy */;
		};
		A4780E9A1CBA940B00EF9609 /* PBXTargetDependency */ = {
			isa = PBXTargetDependency;
			target = A4780E751CBA940B00EF9609 /* TrainHelper */;
			targetProxy = A4780E991CBA940B00EF9609 /* PBXContainerItemProxy */;
		};
/* End PBXTargetDependency section */

/* Begin PBXVariantGroup section */
		A4780E7D1CBA940B00EF9609 /* Main.storyboard */ = {
			isa = PBXVariantGroup;
			children = (
				A4780E7E1CBA940B00EF9609 /* Base */,
			);
			name = Main.storyboard;
			sourceTree = "<group>";
		};
		A4780E851CBA940B00EF9609 /* LaunchScreen.storyboard */ = {
			isa = PBXVariantGroup;
			children = (
				A4780E861CBA940B00EF9609 /* Base */,
			);
			name = LaunchScreen.storyboard;
			sourceTree = "<group>";
		};
/* End PBXVariantGroup section */

/* Begin XCBuildConfiguration section */
		A4780E9F1CBA940B00EF9609 /* Debug */ = {
			isa = XCBuildConfiguration;
			buildSettings = {
				ALWAYS_SEARCH_USER_PATHS = NO;
				CLANG_CXX_LANGUAGE_STANDARD = "gnu++0x";
				CLANG_CXX_LIBRARY = "libc++";
				CLANG_ENABLE_MODULES = YES;
				CLANG_ENABLE_OBJC_ARC = YES;
				CLANG_WARN_BOOL_CONVERSION = YES;
				CLANG_WARN_CONSTANT_CONVERSION = YES;
				CLANG_WARN_DIRECT_OBJC_ISA_USAGE = YES_ERROR;
				CLANG_WARN_EMPTY_BODY = YES;
				CLANG_WARN_ENUM_CONVERSION = YES;
				CLANG_WARN_INT_CONVERSION = YES;
				CLANG_WARN_OBJC_ROOT_CLASS = YES_ERROR;
				CLANG_WARN_UNREACHABLE_CODE = YES;
				CLANG_WARN__DUPLICATE_METHOD_MATCH = YES;
				"CODE_SIGN_IDENTITY[sdk=iphoneos*]" = "iPhone Developer";
				COPY_PHASE_STRIP = NO;
				DEBUG_INFORMATION_FORMAT = dwarf;
				ENABLE_STRICT_OBJC_MSGSEND = YES;
				ENABLE_TESTABILITY = YES;
				GCC_C_LANGUAGE_STANDARD = gnu99;
				GCC_DYNAMIC_NO_PIC = NO;
				GCC_NO_COMMON_BLOCKS = YES;
				GCC_OPTIMIZATION_LEVEL = 0;
				GCC_PREPROCESSOR_DEFINITIONS = (
					"DEBUG=1",
					"$(inherited)",
				);
				GCC_WARN_64_TO_32_BIT_CONVERSION = YES;
				GCC_WARN_ABOUT_RETURN_TYPE = YES_ERROR;
				GCC_WARN_UNDECLARED_SELECTOR = YES;
				GCC_WARN_UNINITIALIZED_AUTOS = YES_AGGRESSIVE;
				GCC_WARN_UNUSED_FUNCTION = YES;
				GCC_WARN_UNUSED_VARIABLE = YES;
				IPHONEOS_DEPLOYMENT_TARGET = 9.2;
				MTL_ENABLE_DEBUG_INFO = YES;
				ONLY_ACTIVE_ARCH = YES;
				SDKROOT = iphoneos;
				SWIFT_OPTIMIZATION_LEVEL = "-Onone";
			};
			name = Debug;
		};
		A4780EA01CBA940B00EF9609 /* Release */ = {
			isa = XCBuildConfiguration;
			buildSettings = {
				ALWAYS_SEARCH_USER_PATHS = NO;
				CLANG_CXX_LANGUAGE_STANDARD = "gnu++0x";
				CLANG_CXX_LIBRARY = "libc++";
				CLANG_ENABLE_MODULES = YES;
				CLANG_ENABLE_OBJC_ARC = YES;
				CLANG_WARN_BOOL_CONVERSION = YES;
				CLANG_WARN_CONSTANT_CONVERSION = YES;
				CLANG_WARN_DIRECT_OBJC_ISA_USAGE = YES_ERROR;
				CLANG_WARN_EMPTY_BODY = YES;
				CLANG_WARN_ENUM_CONVERSION = YES;
				CLANG_WARN_INT_CONVERSION = YES;
				CLANG_WARN_OBJC_ROOT_CLASS = YES_ERROR;
				CLANG_WARN_UNREACHABLE_CODE = YES;
				CLANG_WARN__DUPLICATE_METHOD_MATCH = YES;
				"CODE_SIGN_IDENTITY[sdk=iphoneos*]" = "iPhone Developer";
				COPY_PHASE_STRIP = NO;
				DEBUG_INFORMATION_FORMAT = "dwarf-with-dsym";
				ENABLE_NS_ASSERTIONS = NO;
				ENABLE_STRICT_OBJC_MSGSEND = YES;
				GCC_C_LANGUAGE_STANDARD = gnu99;
				GCC_NO_COMMON_BLOCKS = YES;
				GCC_WARN_64_TO_32_BIT_CONVERSION = YES;
				GCC_WARN_ABOUT_RETURN_TYPE = YES_ERROR;
				GCC_WARN_UNDECLARED_SELECTOR = YES;
				GCC_WARN_UNINITIALIZED_AUTOS = YES_AGGRESSIVE;
				GCC_WARN_UNUSED_FUNCTION = YES;
				GCC_WARN_UNUSED_VARIABLE = YES;
				IPHONEOS_DEPLOYMENT_TARGET = 9.2;
				MTL_ENABLE_DEBUG_INFO = NO;
				SDKROOT = iphoneos;
				VALIDATE_PRODUCT = YES;
			};
			name = Release;
		};
		A4780EA21CBA940B00EF9609 /* Debug */ = {
			isa = XCBuildConfiguration;
			baseConfigurationReference = 593E60BE376C1C1F093F06FF /* Pods-TrainHelper.debug.xcconfig */;
			buildSettings = {
				ASSETCATALOG_COMPILER_APPICON_NAME = AppIcon;
				CLANG_ENABLE_MODULES = YES;
				INFOPLIST_FILE = TrainHelper/Info.plist;
				LD_RUNPATH_SEARCH_PATHS = "$(inherited) @executable_path/Frameworks";
				PRODUCT_BUNDLE_IDENTIFIER = com.huoteng.TrainHelper;
				PRODUCT_NAME = "$(TARGET_NAME)";
				SWIFT_OBJC_BRIDGING_HEADER = "TrainHelper/TrainHelper-Bridging-Header.h";
				SWIFT_OPTIMIZATION_LEVEL = "-Onone";
			};
			name = Debug;
		};
		A4780EA31CBA940B00EF9609 /* Release */ = {
			isa = XCBuildConfiguration;
			baseConfigurationReference = 9C4FFC4AF878C684A29909C2 /* Pods-TrainHelper.release.xcconfig */;
			buildSettings = {
				ASSETCATALOG_COMPILER_APPICON_NAME = AppIcon;
				CLANG_ENABLE_MODULES = YES;
				INFOPLIST_FILE = TrainHelper/Info.plist;
				LD_RUNPATH_SEARCH_PATHS = "$(inherited) @executable_path/Frameworks";
				PRODUCT_BUNDLE_IDENTIFIER = com.huoteng.TrainHelper;
				PRODUCT_NAME = "$(TARGET_NAME)";
				SWIFT_OBJC_BRIDGING_HEADER = "TrainHelper/TrainHelper-Bridging-Header.h";
			};
			name = Release;
		};
		A4780EA51CBA940B00EF9609 /* Debug */ = {
			isa = XCBuildConfiguration;
			baseConfigurationReference = 879CFAE238D97050BC6BEFFA /* Pods-TrainHelperTests.debug.xcconfig */;
			buildSettings = {
				BUNDLE_LOADER = "$(TEST_HOST)";
				INFOPLIST_FILE = TrainHelperTests/Info.plist;
				LD_RUNPATH_SEARCH_PATHS = "$(inherited) @executable_path/Frameworks @loader_path/Frameworks";
				PRODUCT_BUNDLE_IDENTIFIER = com.huoteng.TrainHelperTests;
				PRODUCT_NAME = "$(TARGET_NAME)";
				TEST_HOST = "$(BUILT_PRODUCTS_DIR)/TrainHelper.app/TrainHelper";
			};
			name = Debug;
		};
		A4780EA61CBA940B00EF9609 /* Release */ = {
			isa = XCBuildConfiguration;
			baseConfigurationReference = 1558F3E83980B927E9EA1C7A /* Pods-TrainHelperTests.release.xcconfig */;
			buildSettings = {
				BUNDLE_LOADER = "$(TEST_HOST)";
				INFOPLIST_FILE = TrainHelperTests/Info.plist;
				LD_RUNPATH_SEARCH_PATHS = "$(inherited) @executable_path/Frameworks @loader_path/Frameworks";
				PRODUCT_BUNDLE_IDENTIFIER = com.huoteng.TrainHelperTests;
				PRODUCT_NAME = "$(TARGET_NAME)";
				TEST_HOST = "$(BUILT_PRODUCTS_DIR)/TrainHelper.app/TrainHelper";
			};
			name = Release;
		};
		A4780EA81CBA940B00EF9609 /* Debug */ = {
			isa = XCBuildConfiguration;
			baseConfigurationReference = A921B0E60EDC48239757247D /* Pods-TrainHelperUITests.debug.xcconfig */;
			buildSettings = {
				INFOPLIST_FILE = TrainHelperUITests/Info.plist;
				LD_RUNPATH_SEARCH_PATHS = "$(inherited) @executable_path/Frameworks @loader_path/Frameworks";
				PRODUCT_BUNDLE_IDENTIFIER = com.huoteng.TrainHelperUITests;
				PRODUCT_NAME = "$(TARGET_NAME)";
				TEST_TARGET_NAME = TrainHelper;
				USES_XCTRUNNER = YES;
			};
			name = Debug;
		};
		A4780EA91CBA940B00EF9609 /* Release */ = {
			isa = XCBuildConfiguration;
			baseConfigurationReference = 081A703F33EE5D47EA11F21A /* Pods-TrainHelperUITests.release.xcconfig */;
			buildSettings = {
				INFOPLIST_FILE = TrainHelperUITests/Info.plist;
				LD_RUNPATH_SEARCH_PATHS = "$(inherited) @executable_path/Frameworks @loader_path/Frameworks";
				PRODUCT_BUNDLE_IDENTIFIER = com.huoteng.TrainHelperUITests;
				PRODUCT_NAME = "$(TARGET_NAME)";
				TEST_TARGET_NAME = TrainHelper;
				USES_XCTRUNNER = YES;
			};
			name = Release;
		};
/* End XCBuildConfiguration section */

/* Begin XCConfigurationList section */
		A4780E711CBA940B00EF9609 /* Build configuration list for PBXProject "TrainHelper" */ = {
			isa = XCConfigurationList;
			buildConfigurations = (
				A4780E9F1CBA940B00EF9609 /* Debug */,
				A4780EA01CBA940B00EF9609 /* Release */,
			);
			defaultConfigurationIsVisible = 0;
			defaultConfigurationName = Release;
		};
		A4780EA11CBA940B00EF9609 /* Build configuration list for PBXNativeTarget "TrainHelper" */ = {
			isa = XCConfigurationList;
			buildConfigurations = (
				A4780EA21CBA940B00EF9609 /* Debug */,
				A4780EA31CBA940B00EF9609 /* Release */,
			);
			defaultConfigurationIsVisible = 0;
			defaultConfigurationName = Release;
		};
		A4780EA41CBA940B00EF9609 /* Build configuration list for PBXNativeTarget "TrainHelperTests" */ = {
			isa = XCConfigurationList;
			buildConfigurations = (
				A4780EA51CBA940B00EF9609 /* Debug */,
				A4780EA61CBA940B00EF9609 /* Release */,
			);
			defaultConfigurationIsVisible = 0;
			defaultConfigurationName = Release;
		};
		A4780EA71CBA940B00EF9609 /* Build configuration list for PBXNativeTarget "TrainHelperUITests" */ = {
			isa = XCConfigurationList;
			buildConfigurations = (
				A4780EA81CBA940B00EF9609 /* Debug */,
				A4780EA91CBA940B00EF9609 /* Release */,
			);
			defaultConfigurationIsVisible = 0;
			defaultConfigurationName = Release;
		};
/* End XCConfigurationList section */

/* Begin XCVersionGroup section */
		A4780E801CBA940B00EF9609 /* TrainHelper.xcdatamodeld */ = {
			isa = XCVersionGroup;
			children = (
				A4780E811CBA940B00EF9609 /* TrainHelper.xcdatamodel */,
			);
			currentVersion = A4780E811CBA940B00EF9609 /* TrainHelper.xcdatamodel */;
			path = TrainHelper.xcdatamodeld;
			sourceTree = "<group>";
			versionGroupType = wrapper.xcdatamodel;
		};
/* End XCVersionGroup section */
	};
	rootObject = A4780E6E1CBA940B00EF9609 /* Project object */;
}
